PODS:
  - Go23KeychainSwift (0.1.0)

DEPENDENCIES:
  - Go23KeychainSwift (from `../`)

EXTERNAL SOURCES:
  Go23KeychainSwift:
    :path: "../"

SPEC CHECKSUMS:
  Go23KeychainSwift: ae04f710a362cd18600489c2dfee38a5ce30844e

PODFILE CHECKSUM: 366bf74b5aaae425258b9c32a9f159db5c4e62f8

COCOAPODS: 1.11.3
